<?xml version="1.0" encoding="utf-8"?>
<Project ToolsVersion="4.0" xmlns="http://schemas.microsoft.com/developer/msbuild/2003">
  <ItemGroup>
    <ClCompile Include="WinMain.cpp">
      <Filter>ソースファイル\Gbl\Scene_Base</Filter>
    </ClCompile>
    <ClCompile Include="GameApp.cpp">
      <Filter>ソースファイル\Gbl</Filter>
    </ClCompile>
    <ClCompile Include="CMenu.cpp">
      <Filter>ソースファイル\Gbl\Scene_Base\AllScene_Data\Menu</Filter>
    </ClCompile>
    <ClCompile Include="BGM_Manager.cpp">
      <Filter>ソースファイル\Gbl\Scene_Base\AllScene_Data\Sound</Filter>
    </ClCompile>
    <ClCompile Include="SE_Manager.cpp">
      <Filter>ソースファイル\Gbl\Scene_Base\AllScene_Data\Sound</Filter>
    </ClCompile>
    <ClCompile Include="Title.cpp">
      <Filter>ソースファイル\Gbl\Scene_Base\AllScene_Class\Title</Filter>
    </ClCompile>
    <ClCompile Include="CSelect.cpp">
      <Filter>ソースファイル\Gbl\Scene_Base\AllScene_Class\Select</Filter>
    </ClCompile>
    <ClCompile Include="GameOver.cpp">
      <Filter>ソースファイル\Gbl\Scene_Base\AllScene_Class\GameOver</Filter>
    </ClCompile>
    <ClCompile Include="GameClear.cpp">
      <Filter>ソースファイル\Gbl\Scene_Base\AllScene_Class\GameClear</Filter>
    </ClCompile>
    <ClCompile Include="Stage1.cpp">
      <Filter>ソースファイル\Gbl\Scene_Base\AllScene_Class\Game</Filter>
    </ClCompile>
    <ClCompile Include="Stage1_BOSS.cpp">
      <Filter>ソースファイル\Gbl\Scene_Base\AllScene_Class\Game</Filter>
    </ClCompile>
    <ClCompile Include="Effect.cpp">
      <Filter>ソースファイル\Gbl\Scene_Base\AllScene_Class\Game\Objecct\Effect</Filter>
    </ClCompile>
    <ClCompile Include="EffectManager.cpp">
      <Filter>ソースファイル\Gbl\Scene_Base\AllScene_Class\Game\Objecct\Effect\Manager</Filter>
    </ClCompile>
    <ClCompile Include="Enemy.cpp">
      <Filter>ソースファイル\Gbl\Scene_Base\AllScene_Class\Game\Objecct\Enemy\Enemy_1</Filter>
    </ClCompile>
    <ClCompile Include="EnemyShot.cpp">
      <Filter>ソースファイル\Gbl\Scene_Base\AllScene_Class\Game\Objecct\Enemy\Enemy_1</Filter>
    </ClCompile>
    <ClCompile Include="Enemy_2.cpp">
      <Filter>ソースファイル\Gbl\Scene_Base\AllScene_Class\Game\Objecct\Enemy\Enemy_2</Filter>
    </ClCompile>
    <ClCompile Include="CEnemy_Base.cpp">
      <Filter>ソースファイル\Gbl\Scene_Base\AllScene_Class\Game\Objecct\Enemy\Enemy_Base</Filter>
    </ClCompile>
    <ClCompile Include="CEnemyBase_Shot.cpp">
      <Filter>ソースファイル\Gbl\Scene_Base\AllScene_Class\Game\Objecct\Enemy\Enemy_Base\ShotAmmoBase</Filter>
    </ClCompile>
    <ClCompile Include="Enemy_Stage1_Boss.cpp">
      <Filter>ソースファイル\Gbl\Scene_Base\AllScene_Class\Game\Objecct\Enemy\Enemy_Stage1_Boss</Filter>
    </ClCompile>
    <ClCompile Include="Item.cpp">
      <Filter>ソースファイル\Gbl\Scene_Base\AllScene_Class\Game\Objecct\Item</Filter>
    </ClCompile>
    <ClCompile Include="Player.cpp">
      <Filter>ソースファイル\Gbl\Scene_Base\AllScene_Class\Game\Objecct\Player</Filter>
    </ClCompile>
    <ClCompile Include="Laser.cpp">
      <Filter>ソースファイル\Gbl\Scene_Base\AllScene_Class\Game\Objecct\Player\Player_obj</Filter>
    </ClCompile>
    <ClCompile Include="CPlayerShot.cpp">
      <Filter>ソースファイル\Gbl\Scene_Base\AllScene_Class\Game\Objecct\Player\Player_obj</Filter>
    </ClCompile>
    <ClCompile Include="Shot_Base.cpp">
      <Filter>ソースファイル\Gbl\Scene_Base\AllScene_Class\Game\Objecct\Player\Player_obj\Shot_Base</Filter>
    </ClCompile>
    <ClCompile Include="BaseStage.cpp">
      <Filter>ソースファイル\Gbl\Scene_Base\AllScene_Class\Game\Objecct\Stage</Filter>
    </ClCompile>
    <ClCompile Include="Stage2.cpp">
      <Filter>ソースファイル\Gbl\Scene_Base\AllScene_Class\Game</Filter>
    </ClCompile>
  </ItemGroup>
  <ItemGroup>
    <ClInclude Include="PublicFunction.h">
      <Filter>ソースファイル\Gbl\Scene_Base</Filter>
    </ClInclude>
    <ClInclude Include="Scene_Base.h">
      <Filter>ソースファイル\Gbl\Scene_Base</Filter>
    </ClInclude>
    <ClInclude Include="GameApp.h">
      <Filter>ソースファイル\Gbl</Filter>
    </ClInclude>
    <ClInclude Include="GameDefine.h">
      <Filter>ソースファイル\Gbl</Filter>
    </ClInclude>
    <ClInclude Include="CMenu.h">
      <Filter>ソースファイル\Gbl\Scene_Base\AllScene_Data\Menu</Filter>
    </ClInclude>
    <ClInclude Include="BGM_Manager.h">
      <Filter>ソースファイル\Gbl\Scene_Base\AllScene_Data\Sound</Filter>
    </ClInclude>
    <ClInclude Include="SE_Manager.h">
      <Filter>ソースファイル\Gbl\Scene_Base\AllScene_Data\Sound</Filter>
    </ClInclude>
    <ClInclude Include="SoundDefine.h">
      <Filter>ソースファイル\Gbl\Scene_Base\AllScene_Data\Sound</Filter>
    </ClInclude>
    <ClInclude Include="Title.h">
      <Filter>ソースファイル\Gbl\Scene_Base\AllScene_Class\Title</Filter>
    </ClInclude>
    <ClInclude Include="CSelect.h">
      <Filter>ソースファイル\Gbl\Scene_Base\AllScene_Class\Select</Filter>
    </ClInclude>
    <ClInclude Include="GameOver.h">
      <Filter>ソースファイル\Gbl\Scene_Base\AllScene_Class\GameOver</Filter>
    </ClInclude>
    <ClInclude Include="GameClear.h">
      <Filter>ソースファイル\Gbl\Scene_Base\AllScene_Class\GameClear</Filter>
    </ClInclude>
    <ClInclude Include="Stage1.h">
      <Filter>ソースファイル\Gbl\Scene_Base\AllScene_Class\Game</Filter>
    </ClInclude>
    <ClInclude Include="Stage1_BOSS.h">
      <Filter>ソースファイル\Gbl\Scene_Base\AllScene_Class\Game</Filter>
    </ClInclude>
    <ClInclude Include="Effect.h">
      <Filter>ソースファイル\Gbl\Scene_Base\AllScene_Class\Game\Objecct\Effect</Filter>
    </ClInclude>
    <ClInclude Include="EffectManager.h">
      <Filter>ソースファイル\Gbl\Scene_Base\AllScene_Class\Game\Objecct\Effect\Manager</Filter>
    </ClInclude>
    <ClInclude Include="EnemyStateDefine.h">
      <Filter>ソースファイル\Gbl\Scene_Base\AllScene_Class\Game\Objecct\Enemy</Filter>
    </ClInclude>
    <ClInclude Include="Enemy.h">
      <Filter>ソースファイル\Gbl\Scene_Base\AllScene_Class\Game\Objecct\Enemy\Enemy_1</Filter>
    </ClInclude>
    <ClInclude Include="EnemyShot.h">
      <Filter>ソースファイル\Gbl\Scene_Base\AllScene_Class\Game\Objecct\Enemy\Enemy_1</Filter>
    </ClInclude>
    <ClInclude Include="Enemy_2.h">
      <Filter>ソースファイル\Gbl\Scene_Base\AllScene_Class\Game\Objecct\Enemy\Enemy_2</Filter>
    </ClInclude>
    <ClInclude Include="CEnemy_Base.h">
      <Filter>ソースファイル\Gbl\Scene_Base\AllScene_Class\Game\Objecct\Enemy\Enemy_Base</Filter>
    </ClInclude>
    <ClInclude Include="CEnemyBase_Shot.h">
      <Filter>ソースファイル\Gbl\Scene_Base\AllScene_Class\Game\Objecct\Enemy\Enemy_Base\ShotAmmoBase</Filter>
    </ClInclude>
    <ClInclude Include="Enemy_Stage1_Boss.h">
      <Filter>ソースファイル\Gbl\Scene_Base\AllScene_Class\Game\Objecct\Enemy\Enemy_Stage1_Boss</Filter>
    </ClInclude>
    <ClInclude Include="Item.h">
      <Filter>ソースファイル\Gbl\Scene_Base\AllScene_Class\Game\Objecct\Item</Filter>
    </ClInclude>
    <ClInclude Include="Player.h">
      <Filter>ソースファイル\Gbl\Scene_Base\AllScene_Class\Game\Objecct\Player</Filter>
    </ClInclude>
    <ClInclude Include="Laser.h">
      <Filter>ソースファイル\Gbl\Scene_Base\AllScene_Class\Game\Objecct\Player\Player_obj</Filter>
    </ClInclude>
    <ClInclude Include="CPlayerShot.h">
      <Filter>ソースファイル\Gbl\Scene_Base\AllScene_Class\Game\Objecct\Player\Player_obj</Filter>
    </ClInclude>
    <ClInclude Include="Shot_Base.h">
      <Filter>ソースファイル\Gbl\Scene_Base\AllScene_Class\Game\Objecct\Player\Player_obj\Shot_Base</Filter>
    </ClInclude>
    <ClInclude Include="BaseStage.h">
      <Filter>ソースファイル\Gbl\Scene_Base\AllScene_Class\Game\Objecct\Stage</Filter>
    </ClInclude>
    <ClInclude Include="ShotDefine.h">
      <Filter>ソースファイル\Gbl\Scene_Base\AllScene_Class\Game\Objecct\Player\Player_obj\Shot_Base</Filter>
    </ClInclude>
    <ClInclude Include="Stage2.h">
      <Filter>ソースファイル\Gbl\Scene_Base\AllScene_Class\Game</Filter>
    </ClInclude>
  </ItemGroup>
  <ItemGroup>
    <Filter Include="ソースファイル">
      <UniqueIdentifier>{9a0b1400-0c92-48f6-a37d-530be6907acb}</UniqueIdentifier>
    </Filter>
    <Filter Include="ソースファイル\Gbl">
      <UniqueIdentifier>{346786bb-56d9-41d8-a614-aeef8e32e2ca}</UniqueIdentifier>
    </Filter>
    <Filter Include="ソースファイル\Gbl\Scene_Base">
      <UniqueIdentifier>{e39c03dd-1dba-47ee-94c2-6959350b79c0}</UniqueIdentifier>
    </Filter>
    <Filter Include="ソースファイル\Gbl\Scene_Base\AllScene_Class">
      <UniqueIdentifier>{f570bffe-fc10-405e-9118-4146f7f154f0}</UniqueIdentifier>
    </Filter>
    <Filter Include="ソースファイル\Gbl\Scene_Base\AllScene_Data">
      <UniqueIdentifier>{2b4cedbc-e76e-483e-8706-edd2b8d7dcaf}</UniqueIdentifier>
    </Filter>
    <Filter Include="ソースファイル\Gbl\Scene_Base\AllScene_Data\Sound">
      <UniqueIdentifier>{55202c2f-4fcd-4445-a339-dd475c429c5e}</UniqueIdentifier>
    </Filter>
    <Filter Include="ソースファイル\Gbl\Scene_Base\AllScene_Data\Menu">
      <UniqueIdentifier>{4f573d8c-2957-4aa5-9a02-0f54b0cdb4c0}</UniqueIdentifier>
    </Filter>
    <Filter Include="ソースファイル\Gbl\Scene_Base\AllScene_Class\Game">
      <UniqueIdentifier>{e01c2480-5693-4a14-a5ee-558a1c2f5ad9}</UniqueIdentifier>
    </Filter>
    <Filter Include="ソースファイル\Gbl\Scene_Base\AllScene_Class\GameClear">
      <UniqueIdentifier>{342b3feb-2864-49b0-940e-4d3ae542f1fc}</UniqueIdentifier>
    </Filter>
    <Filter Include="ソースファイル\Gbl\Scene_Base\AllScene_Class\GameOver">
      <UniqueIdentifier>{a5d51d01-19f4-4618-a44f-ab8bce0b3584}</UniqueIdentifier>
    </Filter>
    <Filter Include="ソースファイル\Gbl\Scene_Base\AllScene_Class\Title">
      <UniqueIdentifier>{d6e87d20-2cb9-42d7-87da-ebf33eb59c32}</UniqueIdentifier>
    </Filter>
    <Filter Include="ソースファイル\Gbl\Scene_Base\AllScene_Class\Select">
      <UniqueIdentifier>{747dd231-38cc-411c-be01-60d0180eb183}</UniqueIdentifier>
    </Filter>
    <Filter Include="ソースファイル\Gbl\Scene_Base\AllScene_Class\Game\Objecct">
      <UniqueIdentifier>{443f3f81-6d5d-464b-9d5e-66b5d55d035c}</UniqueIdentifier>
    </Filter>
    <Filter Include="ソースファイル\Gbl\Scene_Base\AllScene_Class\Game\Objecct\Effect">
      <UniqueIdentifier>{9db0ec4f-7365-44ea-ade8-c1e38174e5f2}</UniqueIdentifier>
    </Filter>
    <Filter Include="ソースファイル\Gbl\Scene_Base\AllScene_Class\Game\Objecct\Enemy">
      <UniqueIdentifier>{8ed5fe01-da07-415f-8268-ff977228c83e}</UniqueIdentifier>
    </Filter>
    <Filter Include="ソースファイル\Gbl\Scene_Base\AllScene_Class\Game\Objecct\Item">
      <UniqueIdentifier>{c1c56e2c-b7b5-4fcc-952b-bcd78207cb6b}</UniqueIdentifier>
    </Filter>
    <Filter Include="ソースファイル\Gbl\Scene_Base\AllScene_Class\Game\Objecct\Player">
      <UniqueIdentifier>{2c9ba1b5-3b07-464b-946c-2204b3a1e995}</UniqueIdentifier>
    </Filter>
    <Filter Include="ソースファイル\Gbl\Scene_Base\AllScene_Class\Game\Objecct\Stage">
      <UniqueIdentifier>{1391e3a0-13a0-413a-aad9-2ac608f99faa}</UniqueIdentifier>
    </Filter>
    <Filter Include="ソースファイル\Gbl\Scene_Base\AllScene_Class\Game\Objecct\Effect\Manager">
      <UniqueIdentifier>{8aaa0118-a420-485f-b50c-628190628a12}</UniqueIdentifier>
    </Filter>
    <Filter Include="ソースファイル\Gbl\Scene_Base\AllScene_Class\Game\Objecct\Enemy\Enemy_1">
      <UniqueIdentifier>{4f17b59f-1c44-4668-8241-3d13686d5900}</UniqueIdentifier>
    </Filter>
    <Filter Include="ソースファイル\Gbl\Scene_Base\AllScene_Class\Game\Objecct\Enemy\Enemy_2">
      <UniqueIdentifier>{6a6475b5-036b-4dd5-938c-fabc753be797}</UniqueIdentifier>
    </Filter>
    <Filter Include="ソースファイル\Gbl\Scene_Base\AllScene_Class\Game\Objecct\Enemy\Enemy_Base">
      <UniqueIdentifier>{7ceb886f-94a6-42a7-ba70-b95e7e56cfd8}</UniqueIdentifier>
    </Filter>
    <Filter Include="ソースファイル\Gbl\Scene_Base\AllScene_Class\Game\Objecct\Enemy\Enemy_Stage1_Boss">
      <UniqueIdentifier>{6c14202e-e8c7-495c-8025-31a92a75176a}</UniqueIdentifier>
    </Filter>
    <Filter Include="ソースファイル\Gbl\Scene_Base\AllScene_Class\Game\Objecct\Enemy\Enemy_Base\ShotAmmoBase">
      <UniqueIdentifier>{c481d057-fc62-45c9-8ebd-04083acf64ff}</UniqueIdentifier>
    </Filter>
    <Filter Include="ソースファイル\Gbl\Scene_Base\AllScene_Class\Game\Objecct\Player\Player_obj">
      <UniqueIdentifier>{6fbf36c1-78fc-4f57-951f-52e301d88e71}</UniqueIdentifier>
    </Filter>
    <Filter Include="ソースファイル\Gbl\Scene_Base\AllScene_Class\Game\Objecct\Player\Player_obj\Shot_Base">
      <UniqueIdentifier>{f2ed99d4-5b36-4701-a097-6fc3cc2c19b9}</UniqueIdentifier>
    </Filter>
    <Filter Include="ヘッダーファイル">
      <UniqueIdentifier>{d1376bae-0f20-4fd7-964a-6b79e15ddba0}</UniqueIdentifier>
    </Filter>
    <Filter Include="リソースファイル">
      <UniqueIdentifier>{56fad053-8dff-4e12-b816-61a19c088340}</UniqueIdentifier>
    </Filter>
  </ItemGroup>
  <ItemGroup>
    <ResourceCompile Include="Version.rc">
      <Filter>リソースファイル</Filter>
    </ResourceCompile>
  </ItemGroup>
</Project>